// !$*UTF8*$!
{
	archiveVersion = 1;
	classes = {
	};
	objectVersion = 46;
	objects = {

/* Begin PBXBuildFile section */
		4306AD64153371E10066E2D0 /* WorldbikesCoreService.m in Sources */ = {isa = PBXBuildFile; fileRef = 43954DB31533468900D75702 /* WorldbikesCoreService.m */; };
		4306AD65153371E10066E2D0 /* Station.m in Sources */ = {isa = PBXBuildFile; fileRef = 43954DB11533468900D75702 /* Station.m */; };
		4306AD66153371E10066E2D0 /* City.m in Sources */ = {isa = PBXBuildFile; fileRef = 43954DA31533468900D75702 /* City.m */; };
		4306AD67153371E10066E2D0 /* City+CRUD.m in Sources */ = {isa = PBXBuildFile; fileRef = 43954DA51533468900D75702 /* City+CRUD.m */; };
		4306AD68153371E10066E2D0 /* CityDAO.m in Sources */ = {isa = PBXBuildFile; fileRef = 43954DA71533468900D75702 /* CityDAO.m */; };
		4306AD69153371E10066E2D0 /* Country.m in Sources */ = {isa = PBXBuildFile; fileRef = 43954DA91533468900D75702 /* Country.m */; };
		4306AD6A153371E10066E2D0 /* Country+CRUD.m in Sources */ = {isa = PBXBuildFile; fileRef = 43954DAB1533468900D75702 /* Country+CRUD.m */; };
		4306AD6B153371E10066E2D0 /* CountryDAO.m in Sources */ = {isa = PBXBuildFile; fileRef = 43954DAD1533468900D75702 /* CountryDAO.m */; };
		4306AD6D153371F70066E2D0 /* WorldbikesModel.xcdatamodeld in Sources */ = {isa = PBXBuildFile; fileRef = 43954DB41533468900D75702 /* WorldbikesModel.xcdatamodeld */; };
		4306AD6E153372130066E2D0 /* DefaultXMLParserDelegate.m in Sources */ = {isa = PBXBuildFile; fileRef = 43954DAF1533468900D75702 /* DefaultXMLParserDelegate.m */; };
		4306AD6F153372280066E2D0 /* XMLCrawler.m in Sources */ = {isa = PBXBuildFile; fileRef = 43954DB71533468900D75702 /* XMLCrawler.m */; };
		4306AD70153372280066E2D0 /* XObjCity.m in Sources */ = {isa = PBXBuildFile; fileRef = 43954DBA1533468900D75702 /* XObjCity.m */; };
		4306AD71153372280066E2D0 /* XObjCountry.m in Sources */ = {isa = PBXBuildFile; fileRef = 43954DBC1533468900D75702 /* XObjCountry.m */; };
		431810911530A0C40063983A /* TestMOCountry.m in Sources */ = {isa = PBXBuildFile; fileRef = 431810901530A0C40063983A /* TestMOCountry.m */; };
		431810A71530B44B0063983A /* CoreGraphics.framework in Frameworks */ = {isa = PBXBuildFile; fileRef = 439F1AAA152BB602008845BE /* CoreGraphics.framework */; };
		431810A81530B49E0063983A /* CoreData.framework in Frameworks */ = {isa = PBXBuildFile; fileRef = 431810951530A9960063983A /* CoreData.framework */; };
		431810A91530B4DE0063983A /* TestMOCountry.h in Resources */ = {isa = PBXBuildFile; fileRef = 4318108F1530A0C40063983A /* TestMOCountry.h */; };
		431810AA1530B4E40063983A /* TestXMLParser.h in Resources */ = {isa = PBXBuildFile; fileRef = 4318107B153059450063983A /* TestXMLParser.h */; };
		431810AB1530B6A70063983A /* TestXMLParser.m in Sources */ = {isa = PBXBuildFile; fileRef = 4318107C153059450063983A /* TestXMLParser.m */; };
		43694088152F9977004562DA /* UIKit.framework in Frameworks */ = {isa = PBXBuildFile; fileRef = 439F1AA6152BB602008845BE /* UIKit.framework */; };
		43694089152F9977004562DA /* Foundation.framework in Frameworks */ = {isa = PBXBuildFile; fileRef = 439F1AA8152BB602008845BE /* Foundation.framework */; };
		4369408F152F9977004562DA /* InfoPlist.strings in Resources */ = {isa = PBXBuildFile; fileRef = 4369408D152F9977004562DA /* InfoPlist.strings */; };
		43694099152F9BEE004562DA /* SenTestingKit.framework in Frameworks */ = {isa = PBXBuildFile; fileRef = 43694098152F9BEE004562DA /* SenTestingKit.framework */; };
		43930B841531B20000865755 /* CountrySettingTableViewController.m in Sources */ = {isa = PBXBuildFile; fileRef = 43930B831531B20000865755 /* CountrySettingTableViewController.m */; };
		43930B8F1531B4BC00865755 /* SettingModel.m in Sources */ = {isa = PBXBuildFile; fileRef = 43930B8E1531B4BC00865755 /* SettingModel.m */; };
		43930B901531B4BC00865755 /* SettingModel.m in Sources */ = {isa = PBXBuildFile; fileRef = 43930B8E1531B4BC00865755 /* SettingModel.m */; };
		43930B911531C57C00865755 /* CoreData.framework in Frameworks */ = {isa = PBXBuildFile; fileRef = 431810951530A9960063983A /* CoreData.framework */; };
		43930B981531CE2300865755 /* TestSettingModel.m in Sources */ = {isa = PBXBuildFile; fileRef = 43930B971531CE2300865755 /* TestSettingModel.m */; };
		43930BA71531F16B00865755 /* MapKit.framework in Frameworks */ = {isa = PBXBuildFile; fileRef = 43930BA51531F14A00865755 /* MapKit.framework */; };
		43930BB815321D9F00865755 /* WorldbikesMapViewController.m in Sources */ = {isa = PBXBuildFile; fileRef = 43930BB715321D9F00865755 /* WorldbikesMapViewController.m */; };
		43930BBE15322CA200865755 /* CitySettingViewController.m in Sources */ = {isa = PBXBuildFile; fileRef = 43930BBD15322CA200865755 /* CitySettingViewController.m */; };
		43954D911533286B00D75702 /* TestCountryDAO.m in Sources */ = {isa = PBXBuildFile; fileRef = 43954D901533286B00D75702 /* TestCountryDAO.m */; };
		43954D9815333C2C00D75702 /* TestCityDAO.m in Sources */ = {isa = PBXBuildFile; fileRef = 43954D9715333C2C00D75702 /* TestCityDAO.m */; };
		43954DBD1533468900D75702 /* City.m in Sources */ = {isa = PBXBuildFile; fileRef = 43954DA31533468900D75702 /* City.m */; };
		43954DBE1533468900D75702 /* City+CRUD.m in Sources */ = {isa = PBXBuildFile; fileRef = 43954DA51533468900D75702 /* City+CRUD.m */; };
		43954DBF1533468900D75702 /* CityDAO.m in Sources */ = {isa = PBXBuildFile; fileRef = 43954DA71533468900D75702 /* CityDAO.m */; };
		43954DC01533468900D75702 /* Country.m in Sources */ = {isa = PBXBuildFile; fileRef = 43954DA91533468900D75702 /* Country.m */; };
		43954DC11533468900D75702 /* Country+CRUD.m in Sources */ = {isa = PBXBuildFile; fileRef = 43954DAB1533468900D75702 /* Country+CRUD.m */; };
		43954DC21533468900D75702 /* CountryDAO.m in Sources */ = {isa = PBXBuildFile; fileRef = 43954DAD1533468900D75702 /* CountryDAO.m */; };
		43954DC31533468900D75702 /* DefaultXMLParserDelegate.m in Sources */ = {isa = PBXBuildFile; fileRef = 43954DAF1533468900D75702 /* DefaultXMLParserDelegate.m */; };
		43954DC41533468900D75702 /* Station.m in Sources */ = {isa = PBXBuildFile; fileRef = 43954DB11533468900D75702 /* Station.m */; };
		43954DC51533468900D75702 /* WorldbikesCoreService.m in Sources */ = {isa = PBXBuildFile; fileRef = 43954DB31533468900D75702 /* WorldbikesCoreService.m */; };
		43954DC61533468900D75702 /* WorldbikesModel.xcdatamodeld in Sources */ = {isa = PBXBuildFile; fileRef = 43954DB41533468900D75702 /* WorldbikesModel.xcdatamodeld */; };
		43954DC71533468900D75702 /* XMLCrawler.m in Sources */ = {isa = PBXBuildFile; fileRef = 43954DB71533468900D75702 /* XMLCrawler.m */; };
		43954DC81533468900D75702 /* XObjCity.m in Sources */ = {isa = PBXBuildFile; fileRef = 43954DBA1533468900D75702 /* XObjCity.m */; };
		43954DC91533468900D75702 /* XObjCountry.m in Sources */ = {isa = PBXBuildFile; fileRef = 43954DBC1533468900D75702 /* XObjCountry.m */; };
		43954DD31533602000D75702 /* TestWorldbikesCoreService.m in Sources */ = {isa = PBXBuildFile; fileRef = 43954DD21533602000D75702 /* TestWorldbikesCoreService.m */; };
		439E813F152D010800052466 /* 07-map-marker.png in Resources */ = {isa = PBXBuildFile; fileRef = 439E813E152D010800052466 /* 07-map-marker.png */; };
		439F1AA7152BB602008845BE /* UIKit.framework in Frameworks */ = {isa = PBXBuildFile; fileRef = 439F1AA6152BB602008845BE /* UIKit.framework */; };
		439F1AA9152BB602008845BE /* Foundation.framework in Frameworks */ = {isa = PBXBuildFile; fileRef = 439F1AA8152BB602008845BE /* Foundation.framework */; };
		439F1AAB152BB602008845BE /* CoreGraphics.framework in Frameworks */ = {isa = PBXBuildFile; fileRef = 439F1AAA152BB602008845BE /* CoreGraphics.framework */; };
		439F1AB1152BB602008845BE /* InfoPlist.strings in Resources */ = {isa = PBXBuildFile; fileRef = 439F1AAF152BB602008845BE /* InfoPlist.strings */; };
		439F1AB3152BB602008845BE /* main.m in Sources */ = {isa = PBXBuildFile; fileRef = 439F1AB2152BB602008845BE /* main.m */; };
		439F1AB7152BB602008845BE /* WorldbikesAppDelegate.m in Sources */ = {isa = PBXBuildFile; fileRef = 439F1AB6152BB602008845BE /* WorldbikesAppDelegate.m */; };
		439F1ABA152BB602008845BE /* MainStoryboard.storyboard in Resources */ = {isa = PBXBuildFile; fileRef = 439F1AB8152BB602008845BE /* MainStoryboard.storyboard */; };
/* End PBXBuildFile section */

/* Begin PBXFileReference section */
		4306AD72153374CE0066E2D0 /* Worldbikes.h */ = {isa = PBXFileReference; fileEncoding = 4; lastKnownFileType = sourcecode.c.h; path = Worldbikes.h; sourceTree = "<group>"; };
		4318107B153059450063983A /* TestXMLParser.h */ = {isa = PBXFileReference; fileEncoding = 4; lastKnownFileType = sourcecode.c.h; path = TestXMLParser.h; sourceTree = "<group>"; };
		4318107C153059450063983A /* TestXMLParser.m */ = {isa = PBXFileReference; fileEncoding = 4; lastKnownFileType = sourcecode.c.objc; path = TestXMLParser.m; sourceTree = "<group>"; };
		4318108F1530A0C40063983A /* TestMOCountry.h */ = {isa = PBXFileReference; fileEncoding = 4; lastKnownFileType = sourcecode.c.h; path = TestMOCountry.h; sourceTree = "<group>"; };
		431810901530A0C40063983A /* TestMOCountry.m */ = {isa = PBXFileReference; fileEncoding = 4; lastKnownFileType = sourcecode.c.objc; path = TestMOCountry.m; sourceTree = "<group>"; };
		431810951530A9960063983A /* CoreData.framework */ = {isa = PBXFileReference; lastKnownFileType = wrapper.framework; name = CoreData.framework; path = System/Library/Frameworks/CoreData.framework; sourceTree = SDKROOT; };
		43694085152F9977004562DA /* WorldbikesUnitTests.octest */ = {isa = PBXFileReference; explicitFileType = wrapper.cfbundle; includeInIndex = 0; path = WorldbikesUnitTests.octest; sourceTree = BUILT_PRODUCTS_DIR; };
		4369408C152F9977004562DA /* WorldbikesUnitTests-Info.plist */ = {isa = PBXFileReference; lastKnownFileType = text.plist.xml; path = "WorldbikesUnitTests-Info.plist"; sourceTree = "<group>"; };
		4369408E152F9977004562DA /* en */ = {isa = PBXFileReference; lastKnownFileType = text.plist.strings; name = en; path = en.lproj/InfoPlist.strings; sourceTree = "<group>"; };
		43694093152F9977004562DA /* WorldbikesUnitTests-Prefix.pch */ = {isa = PBXFileReference; lastKnownFileType = sourcecode.c.h; path = "WorldbikesUnitTests-Prefix.pch"; sourceTree = "<group>"; };
		43694098152F9BEE004562DA /* SenTestingKit.framework */ = {isa = PBXFileReference; lastKnownFileType = wrapper.framework; name = SenTestingKit.framework; path = Library/Frameworks/SenTestingKit.framework; sourceTree = DEVELOPER_DIR; };
		43930B821531B20000865755 /* CountrySettingTableViewController.h */ = {isa = PBXFileReference; fileEncoding = 4; lastKnownFileType = sourcecode.c.h; path = CountrySettingTableViewController.h; sourceTree = "<group>"; };
		43930B831531B20000865755 /* CountrySettingTableViewController.m */ = {isa = PBXFileReference; fileEncoding = 4; lastKnownFileType = sourcecode.c.objc; path = CountrySettingTableViewController.m; sourceTree = "<group>"; };
		43930B8D1531B4BC00865755 /* SettingModel.h */ = {isa = PBXFileReference; fileEncoding = 4; lastKnownFileType = sourcecode.c.h; path = SettingModel.h; sourceTree = "<group>"; };
		43930B8E1531B4BC00865755 /* SettingModel.m */ = {isa = PBXFileReference; fileEncoding = 4; lastKnownFileType = sourcecode.c.objc; path = SettingModel.m; sourceTree = "<group>"; };
		43930B961531CE2300865755 /* TestSettingModel.h */ = {isa = PBXFileReference; fileEncoding = 4; lastKnownFileType = sourcecode.c.h; path = TestSettingModel.h; sourceTree = "<group>"; };
		43930B971531CE2300865755 /* TestSettingModel.m */ = {isa = PBXFileReference; fileEncoding = 4; lastKnownFileType = sourcecode.c.objc; path = TestSettingModel.m; sourceTree = "<group>"; };
		43930BA51531F14A00865755 /* MapKit.framework */ = {isa = PBXFileReference; lastKnownFileType = wrapper.framework; name = MapKit.framework; path = System/Library/Frameworks/MapKit.framework; sourceTree = SDKROOT; };
		43930BB615321D9F00865755 /* WorldbikesMapViewController.h */ = {isa = PBXFileReference; fileEncoding = 4; lastKnownFileType = sourcecode.c.h; path = WorldbikesMapViewController.h; sourceTree = "<group>"; };
		43930BB715321D9F00865755 /* WorldbikesMapViewController.m */ = {isa = PBXFileReference; fileEncoding = 4; lastKnownFileType = sourcecode.c.objc; path = WorldbikesMapViewController.m; sourceTree = "<group>"; };
		43930BBC15322CA200865755 /* CitySettingViewController.h */ = {isa = PBXFileReference; fileEncoding = 4; lastKnownFileType = sourcecode.c.h; path = CitySettingViewController.h; sourceTree = "<group>"; };
		43930BBD15322CA200865755 /* CitySettingViewController.m */ = {isa = PBXFileReference; fileEncoding = 4; lastKnownFileType = sourcecode.c.objc; path = CitySettingViewController.m; sourceTree = "<group>"; };
		43954D8F1533286B00D75702 /* TestCountryDAO.h */ = {isa = PBXFileReference; fileEncoding = 4; lastKnownFileType = sourcecode.c.h; path = TestCountryDAO.h; sourceTree = "<group>"; };
		43954D901533286B00D75702 /* TestCountryDAO.m */ = {isa = PBXFileReference; fileEncoding = 4; lastKnownFileType = sourcecode.c.objc; path = TestCountryDAO.m; sourceTree = "<group>"; };
		43954D9615333C2C00D75702 /* TestCityDAO.h */ = {isa = PBXFileReference; fileEncoding = 4; lastKnownFileType = sourcecode.c.h; path = TestCityDAO.h; sourceTree = "<group>"; };
		43954D9715333C2C00D75702 /* TestCityDAO.m */ = {isa = PBXFileReference; fileEncoding = 4; lastKnownFileType = sourcecode.c.objc; path = TestCityDAO.m; sourceTree = "<group>"; };
		43954DA21533468900D75702 /* City.h */ = {isa = PBXFileReference; fileEncoding = 4; lastKnownFileType = sourcecode.c.h; name = City.h; path = Worldbikes/City.h; sourceTree = "<group>"; };
		43954DA31533468900D75702 /* City.m */ = {isa = PBXFileReference; fileEncoding = 4; lastKnownFileType = sourcecode.c.objc; name = City.m; path = Worldbikes/City.m; sourceTree = "<group>"; };
		43954DA41533468900D75702 /* City+CRUD.h */ = {isa = PBXFileReference; fileEncoding = 4; lastKnownFileType = sourcecode.c.h; name = "City+CRUD.h"; path = "Worldbikes/City+CRUD.h"; sourceTree = "<group>"; };
		43954DA51533468900D75702 /* City+CRUD.m */ = {isa = PBXFileReference; fileEncoding = 4; lastKnownFileType = sourcecode.c.objc; name = "City+CRUD.m"; path = "Worldbikes/City+CRUD.m"; sourceTree = "<group>"; };
		43954DA61533468900D75702 /* CityDAO.h */ = {isa = PBXFileReference; fileEncoding = 4; lastKnownFileType = sourcecode.c.h; name = CityDAO.h; path = Worldbikes/CityDAO.h; sourceTree = "<group>"; };
		43954DA71533468900D75702 /* CityDAO.m */ = {isa = PBXFileReference; fileEncoding = 4; lastKnownFileType = sourcecode.c.objc; name = CityDAO.m; path = Worldbikes/CityDAO.m; sourceTree = "<group>"; };
		43954DA81533468900D75702 /* Country.h */ = {isa = PBXFileReference; fileEncoding = 4; lastKnownFileType = sourcecode.c.h; name = Country.h; path = Worldbikes/Country.h; sourceTree = "<group>"; };
		43954DA91533468900D75702 /* Country.m */ = {isa = PBXFileReference; fileEncoding = 4; lastKnownFileType = sourcecode.c.objc; name = Country.m; path = Worldbikes/Country.m; sourceTree = "<group>"; };
		43954DAA1533468900D75702 /* Country+CRUD.h */ = {isa = PBXFileReference; fileEncoding = 4; lastKnownFileType = sourcecode.c.h; name = "Country+CRUD.h"; path = "Worldbikes/Country+CRUD.h"; sourceTree = "<group>"; };
		43954DAB1533468900D75702 /* Country+CRUD.m */ = {isa = PBXFileReference; fileEncoding = 4; lastKnownFileType = sourcecode.c.objc; name = "Country+CRUD.m"; path = "Worldbikes/Country+CRUD.m"; sourceTree = "<group>"; };
		43954DAC1533468900D75702 /* CountryDAO.h */ = {isa = PBXFileReference; fileEncoding = 4; lastKnownFileType = sourcecode.c.h; name = CountryDAO.h; path = Worldbikes/CountryDAO.h; sourceTree = "<group>"; };
		43954DAD1533468900D75702 /* CountryDAO.m */ = {isa = PBXFileReference; fileEncoding = 4; lastKnownFileType = sourcecode.c.objc; name = CountryDAO.m; path = Worldbikes/CountryDAO.m; sourceTree = "<group>"; };
		43954DAE1533468900D75702 /* DefaultXMLParserDelegate.h */ = {isa = PBXFileReference; fileEncoding = 4; lastKnownFileType = sourcecode.c.h; name = DefaultXMLParserDelegate.h; path = Worldbikes/DefaultXMLParserDelegate.h; sourceTree = "<group>"; };
		43954DAF1533468900D75702 /* DefaultXMLParserDelegate.m */ = {isa = PBXFileReference; fileEncoding = 4; lastKnownFileType = sourcecode.c.objc; name = DefaultXMLParserDelegate.m; path = Worldbikes/DefaultXMLParserDelegate.m; sourceTree = "<group>"; };
		43954DB01533468900D75702 /* Station.h */ = {isa = PBXFileReference; fileEncoding = 4; lastKnownFileType = sourcecode.c.h; name = Station.h; path = Worldbikes/Station.h; sourceTree = "<group>"; };
		43954DB11533468900D75702 /* Station.m */ = {isa = PBXFileReference; fileEncoding = 4; lastKnownFileType = sourcecode.c.objc; name = Station.m; path = Worldbikes/Station.m; sourceTree = "<group>"; };
		43954DB21533468900D75702 /* WorldbikesCoreService.h */ = {isa = PBXFileReference; fileEncoding = 4; lastKnownFileType = sourcecode.c.h; name = WorldbikesCoreService.h; path = Worldbikes/WorldbikesCoreService.h; sourceTree = "<group>"; };
		43954DB31533468900D75702 /* WorldbikesCoreService.m */ = {isa = PBXFileReference; fileEncoding = 4; lastKnownFileType = sourcecode.c.objc; name = WorldbikesCoreService.m; path = Worldbikes/WorldbikesCoreService.m; sourceTree = "<group>"; };
		43954DB51533468900D75702 /* Worldbikes.xcdatamodel */ = {isa = PBXFileReference; lastKnownFileType = wrapper.xcdatamodel; path = Worldbikes.xcdatamodel; sourceTree = "<group>"; };
		43954DB61533468900D75702 /* XMLCrawler.h */ = {isa = PBXFileReference; fileEncoding = 4; lastKnownFileType = sourcecode.c.h; name = XMLCrawler.h; path = Worldbikes/XMLCrawler.h; sourceTree = "<group>"; };
		43954DB71533468900D75702 /* XMLCrawler.m */ = {isa = PBXFileReference; fileEncoding = 4; lastKnownFileType = sourcecode.c.objc; name = XMLCrawler.m; path = Worldbikes/XMLCrawler.m; sourceTree = "<group>"; };
		43954DB81533468900D75702 /* XMLCrawlerDelegate.h */ = {isa = PBXFileReference; fileEncoding = 4; lastKnownFileType = sourcecode.c.h; name = XMLCrawlerDelegate.h; path = Worldbikes/XMLCrawlerDelegate.h; sourceTree = "<group>"; };
		43954DB91533468900D75702 /* XObjCity.h */ = {isa = PBXFileReference; fileEncoding = 4; lastKnownFileType = sourcecode.c.h; name = XObjCity.h; path = Worldbikes/XObjCity.h; sourceTree = "<group>"; };
		43954DBA1533468900D75702 /* XObjCity.m */ = {isa = PBXFileReference; fileEncoding = 4; lastKnownFileType = sourcecode.c.objc; name = XObjCity.m; path = Worldbikes/XObjCity.m; sourceTree = "<group>"; };
		43954DBB1533468900D75702 /* XObjCountry.h */ = {isa = PBXFileReference; fileEncoding = 4; lastKnownFileType = sourcecode.c.h; name = XObjCountry.h; path = Worldbikes/XObjCountry.h; sourceTree = "<group>"; };
		43954DBC1533468900D75702 /* XObjCountry.m */ = {isa = PBXFileReference; fileEncoding = 4; lastKnownFileType = sourcecode.c.objc; name = XObjCountry.m; path = Worldbikes/XObjCountry.m; sourceTree = "<group>"; };
		43954DD11533602000D75702 /* TestWorldbikesCoreService.h */ = {isa = PBXFileReference; fileEncoding = 4; lastKnownFileType = sourcecode.c.h; path = TestWorldbikesCoreService.h; sourceTree = "<group>"; };
		43954DD21533602000D75702 /* TestWorldbikesCoreService.m */ = {isa = PBXFileReference; fileEncoding = 4; lastKnownFileType = sourcecode.c.objc; path = TestWorldbikesCoreService.m; sourceTree = "<group>"; };
		439E813E152D010800052466 /* 07-map-marker.png */ = {isa = PBXFileReference; lastKnownFileType = image.png; path = "07-map-marker.png"; sourceTree = "<group>"; };
		439F1AA2152BB602008845BE /* Worldbikes.app */ = {isa = PBXFileReference; explicitFileType = wrapper.application; includeInIndex = 0; path = Worldbikes.app; sourceTree = BUILT_PRODUCTS_DIR; };
		439F1AA6152BB602008845BE /* UIKit.framework */ = {isa = PBXFileReference; lastKnownFileType = wrapper.framework; name = UIKit.framework; path = System/Library/Frameworks/UIKit.framework; sourceTree = SDKROOT; };
		439F1AA8152BB602008845BE /* Foundation.framework */ = {isa = PBXFileReference; lastKnownFileType = wrapper.framework; name = Foundation.framework; path = System/Library/Frameworks/Foundation.framework; sourceTree = SDKROOT; };
		439F1AAA152BB602008845BE /* CoreGraphics.framework */ = {isa = PBXFileReference; lastKnownFileType = wrapper.framework; name = CoreGraphics.framework; path = System/Library/Frameworks/CoreGraphics.framework; sourceTree = SDKROOT; };
		439F1AAE152BB602008845BE /* Worldbikes-Info.plist */ = {isa = PBXFileReference; lastKnownFileType = text.plist.xml; path = "Worldbikes-Info.plist"; sourceTree = "<group>"; };
		439F1AB0152BB602008845BE /* en */ = {isa = PBXFileReference; lastKnownFileType = text.plist.strings; name = en; path = en.lproj/InfoPlist.strings; sourceTree = "<group>"; };
		439F1AB2152BB602008845BE /* main.m */ = {isa = PBXFileReference; lastKnownFileType = sourcecode.c.objc; path = main.m; sourceTree = "<group>"; };
		439F1AB4152BB602008845BE /* Worldbikes-Prefix.pch */ = {isa = PBXFileReference; lastKnownFileType = sourcecode.c.h; path = "Worldbikes-Prefix.pch"; sourceTree = "<group>"; };
		439F1AB5152BB602008845BE /* WorldbikesAppDelegate.h */ = {isa = PBXFileReference; lastKnownFileType = sourcecode.c.h; path = WorldbikesAppDelegate.h; sourceTree = "<group>"; };
		439F1AB6152BB602008845BE /* WorldbikesAppDelegate.m */ = {isa = PBXFileReference; lastKnownFileType = sourcecode.c.objc; path = WorldbikesAppDelegate.m; sourceTree = "<group>"; };
		439F1AB9152BB602008845BE /* en */ = {isa = PBXFileReference; lastKnownFileType = file.storyboard; name = en; path = en.lproj/MainStoryboard.storyboard; sourceTree = "<group>"; };
/* End PBXFileReference section */

/* Begin PBXFrameworksBuildPhase section */
		43694081152F9977004562DA /* Frameworks */ = {
			isa = PBXFrameworksBuildPhase;
			buildActionMask = 2147483647;
			files = (
				431810A81530B49E0063983A /* CoreData.framework in Frameworks */,
				431810A71530B44B0063983A /* CoreGraphics.framework in Frameworks */,
				43694099152F9BEE004562DA /* SenTestingKit.framework in Frameworks */,
				43694088152F9977004562DA /* UIKit.framework in Frameworks */,
				43694089152F9977004562DA /* Foundation.framework in Frameworks */,
			);
			runOnlyForDeploymentPostprocessing = 0;
		};
		439F1A9F152BB602008845BE /* Frameworks */ = {
			isa = PBXFrameworksBuildPhase;
			buildActionMask = 2147483647;
			files = (
				43930BA71531F16B00865755 /* MapKit.framework in Frameworks */,
				43930B911531C57C00865755 /* CoreData.framework in Frameworks */,
				439F1AA7152BB602008845BE /* UIKit.framework in Frameworks */,
				439F1AA9152BB602008845BE /* Foundation.framework in Frameworks */,
				439F1AAB152BB602008845BE /* CoreGraphics.framework in Frameworks */,
			);
			runOnlyForDeploymentPostprocessing = 0;
		};
/* End PBXFrameworksBuildPhase section */

/* Begin PBXGroup section */
		4369408A152F9977004562DA /* WorldbikesUnitTests */ = {
			isa = PBXGroup;
			children = (
				43954DCE1533472200D75702 /* Test Cases */,
				4369408B152F9977004562DA /* Supporting Files */,
			);
			path = WorldbikesUnitTests;
			sourceTree = "<group>";
		};
		4369408B152F9977004562DA /* Supporting Files */ = {
			isa = PBXGroup;
			children = (
				4369408C152F9977004562DA /* WorldbikesUnitTests-Info.plist */,
				4369408D152F9977004562DA /* InfoPlist.strings */,
				43694093152F9977004562DA /* WorldbikesUnitTests-Prefix.pch */,
			);
			name = "Supporting Files";
			sourceTree = "<group>";
		};
		43954DCA1533469500D75702 /* Core Data */ = {
			isa = PBXGroup;
			children = (
				43954DB21533468900D75702 /* WorldbikesCoreService.h */,
				43954DB31533468900D75702 /* WorldbikesCoreService.m */,
				43954DB01533468900D75702 /* Station.h */,
				43954DB11533468900D75702 /* Station.m */,
				43954DB41533468900D75702 /* WorldbikesModel.xcdatamodeld */,
				43954DA21533468900D75702 /* City.h */,
				43954DA31533468900D75702 /* City.m */,
				43954DA41533468900D75702 /* City+CRUD.h */,
				43954DA51533468900D75702 /* City+CRUD.m */,
				43954DA61533468900D75702 /* CityDAO.h */,
				43954DA71533468900D75702 /* CityDAO.m */,
				43954DA81533468900D75702 /* Country.h */,
				43954DA91533468900D75702 /* Country.m */,
				43954DAA1533468900D75702 /* Country+CRUD.h */,
				43954DAB1533468900D75702 /* Country+CRUD.m */,
				43954DAC1533468900D75702 /* CountryDAO.h */,
				43954DAD1533468900D75702 /* CountryDAO.m */,
			);
			name = "Core Data";
			path = ..;
			sourceTree = "<group>";
		};
		43954DCB153346B500D75702 /* XML */ = {
			isa = PBXGroup;
			children = (
				43954DAE1533468900D75702 /* DefaultXMLParserDelegate.h */,
				43954DAF1533468900D75702 /* DefaultXMLParserDelegate.m */,
				43954DB61533468900D75702 /* XMLCrawler.h */,
				43954DB71533468900D75702 /* XMLCrawler.m */,
				43954DB81533468900D75702 /* XMLCrawlerDelegate.h */,
				43954DB91533468900D75702 /* XObjCity.h */,
				43954DBA1533468900D75702 /* XObjCity.m */,
				43954DBB1533468900D75702 /* XObjCountry.h */,
				43954DBC1533468900D75702 /* XObjCountry.m */,
			);
			name = XML;
			path = ..;
			sourceTree = "<group>";
		};
		43954DCC153346EB00D75702 /* Controller */ = {
			isa = PBXGroup;
			children = (
				43930BBC15322CA200865755 /* CitySettingViewController.h */,
				43930BBD15322CA200865755 /* CitySettingViewController.m */,
				43930BB615321D9F00865755 /* WorldbikesMapViewController.h */,
				43930BB715321D9F00865755 /* WorldbikesMapViewController.m */,
				43930B821531B20000865755 /* CountrySettingTableViewController.h */,
				43930B831531B20000865755 /* CountrySettingTableViewController.m */,
			);
			name = Controller;
			sourceTree = "<group>";
		};
		43954DCD1533470B00D75702 /* Model */ = {
			isa = PBXGroup;
			children = (
				43930B8D1531B4BC00865755 /* SettingModel.h */,
				43930B8E1531B4BC00865755 /* SettingModel.m */,
			);
			name = Model;
			sourceTree = "<group>";
		};
		43954DCE1533472200D75702 /* Test Cases */ = {
			isa = PBXGroup;
			children = (
				4318108F1530A0C40063983A /* TestMOCountry.h */,
				431810901530A0C40063983A /* TestMOCountry.m */,
				43930B961531CE2300865755 /* TestSettingModel.h */,
				43930B971531CE2300865755 /* TestSettingModel.m */,
				43954D8F1533286B00D75702 /* TestCountryDAO.h */,
				43954D901533286B00D75702 /* TestCountryDAO.m */,
				43954D9615333C2C00D75702 /* TestCityDAO.h */,
				43954D9715333C2C00D75702 /* TestCityDAO.m */,
				4318107B153059450063983A /* TestXMLParser.h */,
				4318107C153059450063983A /* TestXMLParser.m */,
				43954DD11533602000D75702 /* TestWorldbikesCoreService.h */,
				43954DD21533602000D75702 /* TestWorldbikesCoreService.m */,
			);
			name = "Test Cases";
			sourceTree = "<group>";
		};
		439E813B152CFB9300052466 /* images */ = {
			isa = PBXGroup;
			children = (
				439E813E152D010800052466 /* 07-map-marker.png */,
			);
			path = images;
			sourceTree = "<group>";
		};
		439F1A97152BB602008845BE = {
			isa = PBXGroup;
			children = (
				439F1AAC152BB602008845BE /* Worldbikes */,
				4369408A152F9977004562DA /* WorldbikesUnitTests */,
				439F1AA5152BB602008845BE /* Frameworks */,
				439F1AA3152BB602008845BE /* Products */,
			);
			sourceTree = "<group>";
		};
		439F1AA3152BB602008845BE /* Products */ = {
			isa = PBXGroup;
			children = (
				439F1AA2152BB602008845BE /* Worldbikes.app */,
				43694085152F9977004562DA /* WorldbikesUnitTests.octest */,
			);
			name = Products;
			sourceTree = "<group>";
		};
		439F1AA5152BB602008845BE /* Frameworks */ = {
			isa = PBXGroup;
			children = (
				43930BA51531F14A00865755 /* MapKit.framework */,
				431810951530A9960063983A /* CoreData.framework */,
				43694098152F9BEE004562DA /* SenTestingKit.framework */,
				439F1AA6152BB602008845BE /* UIKit.framework */,
				439F1AA8152BB602008845BE /* Foundation.framework */,
				439F1AAA152BB602008845BE /* CoreGraphics.framework */,
			);
			name = Frameworks;
			sourceTree = "<group>";
		};
		439F1AAC152BB602008845BE /* Worldbikes */ = {
			isa = PBXGroup;
			children = (
				4306AD72153374CE0066E2D0 /* Worldbikes.h */,
				43954DCD1533470B00D75702 /* Model */,
				43954DCC153346EB00D75702 /* Controller */,
				43954DCB153346B500D75702 /* XML */,
				43954DCA1533469500D75702 /* Core Data */,
				439E813B152CFB9300052466 /* images */,
				439F1AB5152BB602008845BE /* WorldbikesAppDelegate.h */,
				439F1AB6152BB602008845BE /* WorldbikesAppDelegate.m */,
				439F1AB8152BB602008845BE /* MainStoryboard.storyboard */,
				439F1AAD152BB602008845BE /* Supporting Files */,
			);
			path = Worldbikes;
			sourceTree = "<group>";
		};
		439F1AAD152BB602008845BE /* Supporting Files */ = {
			isa = PBXGroup;
			children = (
				439F1AAE152BB602008845BE /* Worldbikes-Info.plist */,
				439F1AAF152BB602008845BE /* InfoPlist.strings */,
				439F1AB2152BB602008845BE /* main.m */,
				439F1AB4152BB602008845BE /* Worldbikes-Prefix.pch */,
			);
			name = "Supporting Files";
			sourceTree = "<group>";
		};
/* End PBXGroup section */

/* Begin PBXNativeTarget section */
		43694084152F9977004562DA /* WorldbikesUnitTests */ = {
			isa = PBXNativeTarget;
			buildConfigurationList = 43694094152F9977004562DA /* Build configuration list for PBXNativeTarget "WorldbikesUnitTests" */;
			buildPhases = (
				43694080152F9977004562DA /* Sources */,
				43694081152F9977004562DA /* Frameworks */,
				43694082152F9977004562DA /* Resources */,
				43694083152F9977004562DA /* ShellScript */,
			);
			buildRules = (
			);
			dependencies = (
			);
			name = WorldbikesUnitTests;
			productName = TestWorldbikes;
			productReference = 43694085152F9977004562DA /* WorldbikesUnitTests.octest */;
			productType = "com.apple.product-type.bundle";
		};
		439F1AA1152BB602008845BE /* Worldbikes */ = {
			isa = PBXNativeTarget;
			buildConfigurationList = 439F1ACB152BB602008845BE /* Build configuration list for PBXNativeTarget "Worldbikes" */;
			buildPhases = (
				439F1A9E152BB602008845BE /* Sources */,
				439F1A9F152BB602008845BE /* Frameworks */,
				439F1AA0152BB602008845BE /* Resources */,
			);
			buildRules = (
			);
			dependencies = (
			);
			name = Worldbikes;
			productName = Worldbikes;
			productReference = 439F1AA2152BB602008845BE /* Worldbikes.app */;
			productType = "com.apple.product-type.application";
		};
/* End PBXNativeTarget section */

/* Begin PBXProject section */
		439F1A99152BB602008845BE /* Project object */ = {
			isa = PBXProject;
			attributes = {
				CLASSPREFIX = Worldbikes;
				LastUpgradeCheck = 0430;
				ORGANIZATIONNAME = "Ericsson Software Campus";
			};
			buildConfigurationList = 439F1A9C152BB602008845BE /* Build configuration list for PBXProject "Worldbikes" */;
			compatibilityVersion = "Xcode 3.2";
			developmentRegion = English;
			hasScannedForEncodings = 0;
			knownRegions = (
				en,
			);
			mainGroup = 439F1A97152BB602008845BE;
			productRefGroup = 439F1AA3152BB602008845BE /* Products */;
			projectDirPath = "";
			projectRoot = "";
			targets = (
				439F1AA1152BB602008845BE /* Worldbikes */,
				43694084152F9977004562DA /* WorldbikesUnitTests */,
			);
		};
/* End PBXProject section */

/* Begin PBXResourcesBuildPhase section */
		43694082152F9977004562DA /* Resources */ = {
			isa = PBXResourcesBuildPhase;
			buildActionMask = 2147483647;
			files = (
				431810AA1530B4E40063983A /* TestXMLParser.h in Resources */,
				431810A91530B4DE0063983A /* TestMOCountry.h in Resources */,
				4369408F152F9977004562DA /* InfoPlist.strings in Resources */,
			);
			runOnlyForDeploymentPostprocessing = 0;
		};
		439F1AA0152BB602008845BE /* Resources */ = {
			isa = PBXResourcesBuildPhase;
			buildActionMask = 2147483647;
			files = (
				439F1AB1152BB602008845BE /* InfoPlist.strings in Resources */,
				439F1ABA152BB602008845BE /* MainStoryboard.storyboard in Resources */,
				439E813F152D010800052466 /* 07-map-marker.png in Resources */,
			);
			runOnlyForDeploymentPostprocessing = 0;
		};
/* End PBXResourcesBuildPhase section */

/* Begin PBXShellScriptBuildPhase section */
		43694083152F9977004562DA /* ShellScript */ = {
			isa = PBXShellScriptBuildPhase;
			buildActionMask = 2147483647;
			files = (
			);
			inputPaths = (
			);
			outputPaths = (
			);
			runOnlyForDeploymentPostprocessing = 0;
			shellPath = /bin/sh;
			shellScript = "# Run the unit tests in this test bundle.\n\"${SYSTEM_DEVELOPER_DIR}/Tools/RunUnitTests\"\n";
		};
/* End PBXShellScriptBuildPhase section */

/* Begin PBXSourcesBuildPhase section */
		43694080152F9977004562DA /* Sources */ = {
			isa = PBXSourcesBuildPhase;
			buildActionMask = 2147483647;
			files = (
				4306AD6F153372280066E2D0 /* XMLCrawler.m in Sources */,
				4306AD70153372280066E2D0 /* XObjCity.m in Sources */,
				4306AD71153372280066E2D0 /* XObjCountry.m in Sources */,
				4306AD6E153372130066E2D0 /* DefaultXMLParserDelegate.m in Sources */,
				4306AD6D153371F70066E2D0 /* WorldbikesModel.xcdatamodeld in Sources */,
				4306AD64153371E10066E2D0 /* WorldbikesCoreService.m in Sources */,
				4306AD65153371E10066E2D0 /* Station.m in Sources */,
				4306AD66153371E10066E2D0 /* City.m in Sources */,
				4306AD67153371E10066E2D0 /* City+CRUD.m in Sources */,
				4306AD68153371E10066E2D0 /* CityDAO.m in Sources */,
				4306AD69153371E10066E2D0 /* Country.m in Sources */,
				4306AD6A153371E10066E2D0 /* Country+CRUD.m in Sources */,
				4306AD6B153371E10066E2D0 /* CountryDAO.m in Sources */,
				431810AB1530B6A70063983A /* TestXMLParser.m in Sources */,
				431810911530A0C40063983A /* TestMOCountry.m in Sources */,
				43930B901531B4BC00865755 /* SettingModel.m in Sources */,
				43930B981531CE2300865755 /* TestSettingModel.m in Sources */,
				43954D911533286B00D75702 /* TestCountryDAO.m in Sources */,
				43954D9815333C2C00D75702 /* TestCityDAO.m in Sources */,
				43954DD31533602000D75702 /* TestWorldbikesCoreService.m in Sources */,
			);
			runOnlyForDeploymentPostprocessing = 0;
		};
		439F1A9E152BB602008845BE /* Sources */ = {
			isa = PBXSourcesBuildPhase;
			buildActionMask = 2147483647;
			files = (
				439F1AB3152BB602008845BE /* main.m in Sources */,
				439F1AB7152BB602008845BE /* WorldbikesAppDelegate.m in Sources */,
				43930B841531B20000865755 /* CountrySettingTableViewController.m in Sources */,
				43930B8F1531B4BC00865755 /* SettingModel.m in Sources */,
				43930BB815321D9F00865755 /* WorldbikesMapViewController.m in Sources */,
				43930BBE15322CA200865755 /* CitySettingViewController.m in Sources */,
				43954DBD1533468900D75702 /* City.m in Sources */,
				43954DBE1533468900D75702 /* City+CRUD.m in Sources */,
				43954DBF1533468900D75702 /* CityDAO.m in Sources */,
				43954DC01533468900D75702 /* Country.m in Sources */,
				43954DC11533468900D75702 /* Country+CRUD.m in Sources */,
				43954DC21533468900D75702 /* CountryDAO.m in Sources */,
				43954DC31533468900D75702 /* DefaultXMLParserDelegate.m in Sources */,
				43954DC41533468900D75702 /* Station.m in Sources */,
				43954DC51533468900D75702 /* WorldbikesCoreService.m in Sources */,
				43954DC61533468900D75702 /* WorldbikesModel.xcdatamodeld in Sources */,
				43954DC71533468900D75702 /* XMLCrawler.m in Sources */,
				43954DC81533468900D75702 /* XObjCity.m in Sources */,
				43954DC91533468900D75702 /* XObjCountry.m in Sources */,
			);
			runOnlyForDeploymentPostprocessing = 0;
		};
/* End PBXSourcesBuildPhase section */

/* Begin PBXVariantGroup section */
		4369408D152F9977004562DA /* InfoPlist.strings */ = {
			isa = PBXVariantGroup;
			children = (
				4369408E152F9977004562DA /* en */,
			);
			name = InfoPlist.strings;
			sourceTree = "<group>";
		};
		439F1AAF152BB602008845BE /* InfoPlist.strings */ = {
			isa = PBXVariantGroup;
			children = (
				439F1AB0152BB602008845BE /* en */,
			);
			name = InfoPlist.strings;
			sourceTree = "<group>";
		};
		439F1AB8152BB602008845BE /* MainStoryboard.storyboard */ = {
			isa = PBXVariantGroup;
			children = (
				439F1AB9152BB602008845BE /* en */,
			);
			name = MainStoryboard.storyboard;
			sourceTree = "<group>";
		};
/* End PBXVariantGroup section */

/* Begin XCBuildConfiguration section */
		43694095152F9977004562DA /* Debug */ = {
			isa = XCBuildConfiguration;
			buildSettings = {
				FRAMEWORK_SEARCH_PATHS = (
					"$(SDKROOT)/Developer/Library/Frameworks",
					"$(DEVELOPER_LIBRARY_DIR)/Frameworks",
				);
				GCC_PRECOMPILE_PREFIX_HEADER = YES;
				GCC_PREFIX_HEADER = "WorldbikesUnitTests/WorldbikesUnitTests-Prefix.pch";
				HEADER_SEARCH_PATHS = "";
				INFOPLIST_FILE = "WorldbikesUnitTests/WorldbikesUnitTests-Info.plist";
				IPHONEOS_DEPLOYMENT_TARGET = 5.1;
				LIBRARY_SEARCH_PATHS = "";
				PRODUCT_NAME = "$(TARGET_NAME)";
				USER_HEADER_SEARCH_PATHS = "";
				WRAPPER_EXTENSION = octest;
			};
			name = Debug;
		};
		43694096152F9977004562DA /* Release */ = {
			isa = XCBuildConfiguration;
			buildSettings = {
				FRAMEWORK_SEARCH_PATHS = (
					"$(SDKROOT)/Developer/Library/Frameworks",
					"$(DEVELOPER_LIBRARY_DIR)/Frameworks",
				);
				GCC_PRECOMPILE_PREFIX_HEADER = YES;
				GCC_PREFIX_HEADER = "WorldbikesUnitTests/WorldbikesUnitTests-Prefix.pch";
				HEADER_SEARCH_PATHS = "";
				INFOPLIST_FILE = "WorldbikesUnitTests/WorldbikesUnitTests-Info.plist";
				IPHONEOS_DEPLOYMENT_TARGET = 5.1;
				LIBRARY_SEARCH_PATHS = "";
				PRODUCT_NAME = "$(TARGET_NAME)";
				USER_HEADER_SEARCH_PATHS = "";
				WRAPPER_EXTENSION = octest;
			};
			name = Release;
		};
		439F1AC9152BB602008845BE /* Debug */ = {
			isa = XCBuildConfiguration;
			buildSettings = {
				ALWAYS_SEARCH_USER_PATHS = NO;
				ARCHS = "$(ARCHS_STANDARD_32_BIT)";
				CLANG_ENABLE_OBJC_ARC = YES;
				"CODE_SIGN_IDENTITY[sdk=iphoneos*]" = "iPhone Developer";
				COPY_PHASE_STRIP = NO;
				GCC_C_LANGUAGE_STANDARD = gnu99;
				GCC_DYNAMIC_NO_PIC = NO;
				GCC_OPTIMIZATION_LEVEL = 0;
				GCC_PREPROCESSOR_DEFINITIONS = (
					"DEBUG=1",
					"$(inherited)",
				);
				GCC_SYMBOLS_PRIVATE_EXTERN = NO;
				GCC_VERSION = com.apple.compilers.llvm.clang.1_0;
				GCC_WARN_ABOUT_RETURN_TYPE = YES;
				GCC_WARN_UNINITIALIZED_AUTOS = YES;
				GCC_WARN_UNUSED_VARIABLE = YES;
				IPHONEOS_DEPLOYMENT_TARGET = 5.1;
				SDKROOT = iphoneos;
			};
			name = Debug;
		};
		439F1ACA152BB602008845BE /* Release */ = {
			isa = XCBuildConfiguration;
			buildSettings = {
				ALWAYS_SEARCH_USER_PATHS = NO;
				ARCHS = "$(ARCHS_STANDARD_32_BIT)";
				CLANG_ENABLE_OBJC_ARC = YES;
				"CODE_SIGN_IDENTITY[sdk=iphoneos*]" = "iPhone Developer";
				COPY_PHASE_STRIP = YES;
				GCC_C_LANGUAGE_STANDARD = gnu99;
				GCC_VERSION = com.apple.compilers.llvm.clang.1_0;
				GCC_WARN_ABOUT_RETURN_TYPE = YES;
				GCC_WARN_UNINITIALIZED_AUTOS = YES;
				GCC_WARN_UNUSED_VARIABLE = YES;
				IPHONEOS_DEPLOYMENT_TARGET = 5.1;
				OTHER_CFLAGS = "-DNS_BLOCK_ASSERTIONS=1";
				SDKROOT = iphoneos;
				VALIDATE_PRODUCT = YES;
			};
			name = Release;
		};
		439F1ACC152BB602008845BE /* Debug */ = {
			isa = XCBuildConfiguration;
			buildSettings = {
				GCC_PRECOMPILE_PREFIX_HEADER = YES;
				GCC_PREFIX_HEADER = "Worldbikes/Worldbikes-Prefix.pch";
				INFOPLIST_FILE = "Worldbikes/Worldbikes-Info.plist";
				IPHONEOS_DEPLOYMENT_TARGET = 5.1;
				PRODUCT_NAME = "$(TARGET_NAME)";
				WRAPPER_EXTENSION = app;
			};
			name = Debug;
		};
		439F1ACD152BB602008845BE /* Release */ = {
			isa = XCBuildConfiguration;
			buildSettings = {
				GCC_PRECOMPILE_PREFIX_HEADER = YES;
				GCC_PREFIX_HEADER = "Worldbikes/Worldbikes-Prefix.pch";
				INFOPLIST_FILE = "Worldbikes/Worldbikes-Info.plist";
				IPHONEOS_DEPLOYMENT_TARGET = 5.1;
				PRODUCT_NAME = "$(TARGET_NAME)";
				WRAPPER_EXTENSION = app;
			};
			name = Release;
		};
/* End XCBuildConfiguration section */

/* Begin XCConfigurationList section */
		43694094152F9977004562DA /* Build configuration list for PBXNativeTarget "WorldbikesUnitTests" */ = {
			isa = XCConfigurationList;
			buildConfigurations = (
				43694095152F9977004562DA /* Debug */,
				43694096152F9977004562DA /* Release */,
			);
			defaultConfigurationIsVisible = 0;
			defaultConfigurationName = Release;
		};
		439F1A9C152BB602008845BE /* Build configuration list for PBXProject "Worldbikes" */ = {
			isa = XCConfigurationList;
			buildConfigurations = (
				439F1AC9152BB602008845BE /* Debug */,
				439F1ACA152BB602008845BE /* Release */,
			);
			defaultConfigurationIsVisible = 0;
			defaultConfigurationName = Release;
		};
		439F1ACB152BB602008845BE /* Build configuration list for PBXNativeTarget "Worldbikes" */ = {
			isa = XCConfigurationList;
			buildConfigurations = (
				439F1ACC152BB602008845BE /* Debug */,
				439F1ACD152BB602008845BE /* Release */,
			);
			defaultConfigurationIsVisible = 0;
			defaultConfigurationName = Release;
		};
/* End XCConfigurationList section */

/* Begin XCVersionGroup section */
		43954DB41533468900D75702 /* WorldbikesModel.xcdatamodeld */ = {
			isa = XCVersionGroup;
			children = (
				43954DB51533468900D75702 /* Worldbikes.xcdatamodel */,
			);
			currentVersion = 43954DB51533468900D75702 /* Worldbikes.xcdatamodel */;
			name = WorldbikesModel.xcdatamodeld;
			path = Worldbikes/WorldbikesModel.xcdatamodeld;
			sourceTree = "<group>";
			versionGroupType = wrapper.xcdatamodel;
		};
/* End XCVersionGroup section */
	};
	rootObject = 439F1A99152BB602008845BE /* Project object */;
}
