<?xml version="1.0" encoding="UTF-8"?>
<Scheme
   version = "1.7">
   <BuildAction
      parallelizeBuildables = "YES"
      buildImplicitDependencies = "YES">
      <BuildActionEntries>
         <BuildActionEntry
            buildForTesting = "YES"
            buildForRunning = "YES"
            buildForProfiling = "YES"
            buildForArchiving = "YES"
            buildForAnalyzing = "YES">
            <BuildableReference
               BuildableIdentifier = "primary"
               BlueprintIdentifier = "439F1AA1152BB602008845BE"
               BuildableName = "Worldbikes.app"
               BlueprintName = "Worldbikes"
               ReferencedContainer = "container:Worldbikes.xcodeproj">
            </BuildableReference>
         </BuildActionEntry>
      </BuildActionEntries>
   </BuildAction>
   <TestAction
      selectedDebuggerIdentifier = "Xcode.DebuggerFoundation.Debugger.LLDB"
      selectedLauncherIdentifier = "Xcode.DebuggerFoundation.Launcher.LLDB"
      shouldUseLaunchSchemeArgsEnv = "YES"
      buildConfiguration = "Debug">
      <Testables>
         <TestableReference
            skipped = "NO">
            <BuildableReference
               BuildableIdentifier = "primary"
               BlueprintIdentifier = "43694084152F9977004562DA"
               BuildableName = "WorldbikesUnitTests.octest"
               BlueprintName = "WorldbikesUnitTests"
               ReferencedContainer = "container:Worldbikes.xcodeproj">
            </BuildableReference>
            <SkippedTests>
               <Test
                  Identifier = "TestCityDAO">
               </Test>
               <Test
                  Identifier = "TestCityParserHandler">
               </Test>
               <Test
                  Identifier = "TestCountryDAO">
               </Test>
               <Test
                  Identifier = "TestMOCountry">
               </Test>
               <Test
                  Identifier = "TestRealtimeInfoParserHandler">
               </Test>
               <Test
                  Identifier = "TestStationParserHandler">
               </Test>
               <Test
                  Identifier = "TestWorldbikesCoreService">
               </Test>
               <Test
                  Identifier = "TestWorldbikesCoreServiceModel">
               </Test>
               <Test
                  Identifier = "TestWorldbikesPreferenceModel">
               </Test>
               <Test
                  Identifier = "TestXMLCrawler">
               </Test>
            </SkippedTests>
         </TestableReference>
      </Testables>
      <MacroExpansion>
         <BuildableReference
            BuildableIdentifier = "primary"
            BlueprintIdentifier = "439F1AA1152BB602008845BE"
            BuildableName = "Worldbikes.app"
            BlueprintName = "Worldbikes"
            ReferencedContainer = "container:Worldbikes.xcodeproj">
         </BuildableReference>
      </MacroExpansion>
   </TestAction>
   <LaunchAction
      selectedDebuggerIdentifier = "Xcode.DebuggerFoundation.Debugger.LLDB"
      selectedLauncherIdentifier = "Xcode.DebuggerFoundation.Launcher.LLDB"
      launchStyle = "0"
      useCustomWorkingDirectory = "NO"
      buildConfiguration = "Debug"
      ignoresPersistentStateOnLaunch = "NO"
      debugDocumentVersioning = "YES"
      allowLocationSimulation = "YES">
      <BuildableProductRunnable>
         <BuildableReference
            BuildableIdentifier = "primary"
            BlueprintIdentifier = "439F1AA1152BB602008845BE"
            BuildableName = "Worldbikes.app"
            BlueprintName = "Worldbikes"
            ReferencedContainer = "container:Worldbikes.xcodeproj">
         </BuildableReference>
      </BuildableProductRunnable>
      <AdditionalOptions>
      </AdditionalOptions>
      <LocationScenarioReference
         identifier = "../../gpx/St Stephen&apos;s Green.gpx"
         referenceType = "0">
      </LocationScenarioReference>
   </LaunchAction>
   <ProfileAction
      shouldUseLaunchSchemeArgsEnv = "YES"
      savedToolIdentifier = ""
      useCustomWorkingDirectory = "NO"
      buildConfiguration = "Release"
      debugDocumentVersioning = "YES">
      <BuildableProductRunnable>
         <BuildableReference
            BuildableIdentifier = "primary"
            BlueprintIdentifier = "439F1AA1152BB602008845BE"
            BuildableName = "Worldbikes.app"
            BlueprintName = "Worldbikes"
            ReferencedContainer = "container:Worldbikes.xcodeproj">
         </BuildableReference>
      </BuildableProductRunnable>
   </ProfileAction>
   <AnalyzeAction
      buildConfiguration = "Debug">
   </AnalyzeAction>
   <ArchiveAction
      buildConfiguration = "Release"
      revealArchiveInOrganizer = "YES">
   </ArchiveAction>
</Scheme>
